Microsoft Visual Studio Solution File, Format Version 12.00
# Visual Studio Version 16
VisualStudioVersion = 16.0.28803.202
MinimumVisualStudioVersion = 10.0.40219.1
Project("{FAE04EC0-301F-11D3-BF4B-00C04F79EFBC}") = "QRTrack.Android", "QRTrack.Android\QRTrack.Android.csproj", "{D91B0B6E-1336-407C-BB3B-A62724E5F812}"
EndProject
Project("{FAE04EC0-301F-11D3-BF4B-00C04F79EFBC}") = "QRTrack.iOS", "QRTrack.iOS\QRTrack.iOS.csproj", "{6918149B-9130-4BA4-8719-F013B26BCEB1}"
EndProject
Project("{9A19103F-16F7-4668-BE54-9A1E7A4F7556}") = "QRTrack", "QRTrack\QRTrack.csproj", "{E8E2C437-1B65-488E-B4F9-696803E74AFA}"
EndProject
Project("{9A19103F-16F7-4668-BE54-9A1E7A4F7556}") = "QRTrack.Chat.Functions", "QRTrack.Chat.Functions\QRTrack.Chat.Functions.csproj", "{3DEA5926-E5E5-4E6C-8C24-204A7BEF7EF8}"
EndProject
Project("{9A19103F-16F7-4668-BE54-9A1E7A4F7556}") = "QRTrack.Chat.Messages", "QRTrack.Chat.Messages\QRTrack.Chat.Messages.csproj", "{B6F9A51A-A149-48BB-B599-FD7F5F5C4CF2}"
EndProject
Project("{9A19103F-16F7-4668-BE54-9A1E7A4F7556}") = "QRTrack.Backend", "QRTrack.Backend\QRTrack.Backend.csproj", "{5480AE9F-B4AE-4FA5-9CE6-91D6AA2D5616}"
EndProject
Project("{9A19103F-16F7-4668-BE54-9A1E7A4F7556}") = "QRTrack.Backend3", "QRTrack.Backend3\QRTrack.Backend3.csproj", "{63321F1E-1B3D-4530-917C-07EC891E14F7}"
EndProject
Global
	GlobalSection(SolutionConfigurationPlatforms) = preSolution
		Ad-Hoc|Any CPU = Ad-Hoc|Any CPU
		Ad-Hoc|iPhone = Ad-Hoc|iPhone
		Ad-Hoc|iPhoneSimulator = Ad-Hoc|iPhoneSimulator
		AppStore|Any CPU = AppStore|Any CPU
		AppStore|iPhone = AppStore|iPhone
		AppStore|iPhoneSimulator = AppStore|iPhoneSimulator
		Debug|Any CPU = Debug|Any CPU
		Debug|iPhone = Debug|iPhone
		Debug|iPhoneSimulator = Debug|iPhoneSimulator
		Release|Any CPU = Release|Any CPU
		Release|iPhone = Release|iPhone
		Release|iPhoneSimulator = Release|iPhoneSimulator
	EndGlobalSection
	GlobalSection(ProjectConfigurationPlatforms) = postSolution
		{D91B0B6E-1336-407C-BB3B-A62724E5F812}.Ad-Hoc|Any CPU.ActiveCfg = Release|Any CPU
		{D91B0B6E-1336-407C-BB3B-A62724E5F812}.Ad-Hoc|Any CPU.Build.0 = Release|Any CPU
		{D91B0B6E-1336-407C-BB3B-A62724E5F812}.Ad-Hoc|Any CPU.Deploy.0 = Release|Any CPU
		{D91B0B6E-1336-407C-BB3B-A62724E5F812}.Ad-Hoc|iPhone.ActiveCfg = Debug|Any CPU
		{D91B0B6E-1336-407C-BB3B-A62724E5F812}.Ad-Hoc|iPhone.Build.0 = Debug|Any CPU
		{D91B0B6E-1336-407C-BB3B-A62724E5F812}.Ad-Hoc|iPhoneSimulator.ActiveCfg = Release|Any CPU
		{D91B0B6E-1336-407C-BB3B-A62724E5F812}.Ad-Hoc|iPhoneSimulator.Build.0 = Release|Any CPU
		{D91B0B6E-1336-407C-BB3B-A62724E5F812}.Ad-Hoc|iPhoneSimulator.Deploy.0 = Release|Any CPU
		{D91B0B6E-1336-407C-BB3B-A62724E5F812}.AppStore|Any CPU.ActiveCfg = Release|Any CPU
		{D91B0B6E-1336-407C-BB3B-A62724E5F812}.AppStore|Any CPU.Build.0 = Release|Any CPU
		{D91B0B6E-1336-407C-BB3B-A62724E5F812}.AppStore|Any CPU.Deploy.0 = Release|Any CPU
		{D91B0B6E-1336-407C-BB3B-A62724E5F812}.AppStore|iPhone.ActiveCfg = Debug|Any CPU
		{D91B0B6E-1336-407C-BB3B-A62724E5F812}.AppStore|iPhone.Build.0 = Debug|Any CPU
		{D91B0B6E-1336-407C-BB3B-A62724E5F812}.AppStore|iPhoneSimulator.ActiveCfg = Release|Any CPU
		{D91B0B6E-1336-407C-BB3B-A62724E5F812}.AppStore|iPhoneSimulator.Build.0 = Release|Any CPU
		{D91B0B6E-1336-407C-BB3B-A62724E5F812}.AppStore|iPhoneSimulator.Deploy.0 = Release|Any CPU
		{D91B0B6E-1336-407C-BB3B-A62724E5F812}.Debug|Any CPU.ActiveCfg = Debug|Any CPU
		{D91B0B6E-1336-407C-BB3B-A62724E5F812}.Debug|Any CPU.Build.0 = Debug|Any CPU
		{D91B0B6E-1336-407C-BB3B-A62724E5F812}.Debug|Any CPU.Deploy.0 = Debug|Any CPU
		{D91B0B6E-1336-407C-BB3B-A62724E5F812}.Debug|iPhone.ActiveCfg = Debug|Any CPU
		{D91B0B6E-1336-407C-BB3B-A62724E5F812}.Debug|iPhoneSimulator.ActiveCfg = Debug|Any CPU
		{D91B0B6E-1336-407C-BB3B-A62724E5F812}.Release|Any CPU.ActiveCfg = Release|Any CPU
		{D91B0B6E-1336-407C-BB3B-A62724E5F812}.Release|Any CPU.Build.0 = Release|Any CPU
		{D91B0B6E-1336-407C-BB3B-A62724E5F812}.Release|iPhone.ActiveCfg = Release|Any CPU
		{D91B0B6E-1336-407C-BB3B-A62724E5F812}.Release|iPhone.Build.0 = Release|Any CPU
		{D91B0B6E-1336-407C-BB3B-A62724E5F812}.Release|iPhoneSimulator.ActiveCfg = Release|Any CPU
		{D91B0B6E-1336-407C-BB3B-A62724E5F812}.Release|iPhoneSimulator.Build.0 = Release|Any CPU
		{6918149B-9130-4BA4-8719-F013B26BCEB1}.Ad-Hoc|Any CPU.ActiveCfg = Ad-Hoc|iPhoneSimulator
		{6918149B-9130-4BA4-8719-F013B26BCEB1}.Ad-Hoc|iPhone.ActiveCfg = Ad-Hoc|iPhone
		{6918149B-9130-4BA4-8719-F013B26BCEB1}.Ad-Hoc|iPhone.Build.0 = Ad-Hoc|iPhone
		{6918149B-9130-4BA4-8719-F013B26BCEB1}.Ad-Hoc|iPhoneSimulator.ActiveCfg = Ad-Hoc|iPhoneSimulator
		{6918149B-9130-4BA4-8719-F013B26BCEB1}.Ad-Hoc|iPhoneSimulator.Build.0 = Ad-Hoc|iPhoneSimulator
		{6918149B-9130-4BA4-8719-F013B26BCEB1}.AppStore|Any CPU.ActiveCfg = AppStore|iPhoneSimulator
		{6918149B-9130-4BA4-8719-F013B26BCEB1}.AppStore|iPhone.ActiveCfg = AppStore|iPhone
		{6918149B-9130-4BA4-8719-F013B26BCEB1}.AppStore|iPhone.Build.0 = AppStore|iPhone
		{6918149B-9130-4BA4-8719-F013B26BCEB1}.AppStore|iPhoneSimulator.ActiveCfg = AppStore|iPhoneSimulator
		{6918149B-9130-4BA4-8719-F013B26BCEB1}.AppStore|iPhoneSimulator.Build.0 = AppStore|iPhoneSimulator
		{6918149B-9130-4BA4-8719-F013B26BCEB1}.Debug|Any CPU.ActiveCfg = Debug|iPhoneSimulator
		{6918149B-9130-4BA4-8719-F013B26BCEB1}.Debug|Any CPU.Build.0 = Debug|iPhoneSimulator
		{6918149B-9130-4BA4-8719-F013B26BCEB1}.Debug|iPhone.ActiveCfg = Debug|iPhone
		{6918149B-9130-4BA4-8719-F013B26BCEB1}.Debug|iPhone.Build.0 = Debug|iPhone
		{6918149B-9130-4BA4-8719-F013B26BCEB1}.Debug|iPhoneSimulator.ActiveCfg = Debug|iPhoneSimulator
		{6918149B-9130-4BA4-8719-F013B26BCEB1}.Debug|iPhoneSimulator.Build.0 = Debug|iPhoneSimulator
		{6918149B-9130-4BA4-8719-F013B26BCEB1}.Release|Any CPU.ActiveCfg = Release|iPhoneSimulator
		{6918149B-9130-4BA4-8719-F013B26BCEB1}.Release|Any CPU.Build.0 = Release|iPhoneSimulator
		{6918149B-9130-4BA4-8719-F013B26BCEB1}.Release|iPhone.ActiveCfg = Release|iPhone
		{6918149B-9130-4BA4-8719-F013B26BCEB1}.Release|iPhone.Build.0 = Release|iPhone
		{6918149B-9130-4BA4-8719-F013B26BCEB1}.Release|iPhoneSimulator.ActiveCfg = Release|iPhoneSimulator
		{6918149B-9130-4BA4-8719-F013B26BCEB1}.Release|iPhoneSimulator.Build.0 = Release|iPhoneSimulator
		{E8E2C437-1B65-488E-B4F9-696803E74AFA}.Ad-Hoc|Any CPU.ActiveCfg = Release|Any CPU
		{E8E2C437-1B65-488E-B4F9-696803E74AFA}.Ad-Hoc|Any CPU.Build.0 = Release|Any CPU
		{E8E2C437-1B65-488E-B4F9-696803E74AFA}.Ad-Hoc|iPhone.ActiveCfg = Debug|Any CPU
		{E8E2C437-1B65-488E-B4F9-696803E74AFA}.Ad-Hoc|iPhone.Build.0 = Debug|Any CPU
		{E8E2C437-1B65-488E-B4F9-696803E74AFA}.Ad-Hoc|iPhoneSimulator.ActiveCfg = Release|Any CPU
		{E8E2C437-1B65-488E-B4F9-696803E74AFA}.Ad-Hoc|iPhoneSimulator.Build.0 = Release|Any CPU
		{E8E2C437-1B65-488E-B4F9-696803E74AFA}.AppStore|Any CPU.ActiveCfg = Release|Any CPU
		{E8E2C437-1B65-488E-B4F9-696803E74AFA}.AppStore|Any CPU.Build.0 = Release|Any CPU
		{E8E2C437-1B65-488E-B4F9-696803E74AFA}.AppStore|iPhone.ActiveCfg = Debug|Any CPU
		{E8E2C437-1B65-488E-B4F9-696803E74AFA}.AppStore|iPhone.Build.0 = Debug|Any CPU
		{E8E2C437-1B65-488E-B4F9-696803E74AFA}.AppStore|iPhoneSimulator.ActiveCfg = Release|Any CPU
		{E8E2C437-1B65-488E-B4F9-696803E74AFA}.AppStore|iPhoneSimulator.Build.0 = Release|Any CPU
		{E8E2C437-1B65-488E-B4F9-696803E74AFA}.Debug|Any CPU.ActiveCfg = Debug|Any CPU
		{E8E2C437-1B65-488E-B4F9-696803E74AFA}.Debug|Any CPU.Build.0 = Debug|Any CPU
		{E8E2C437-1B65-488E-B4F9-696803E74AFA}.Debug|iPhone.ActiveCfg = Debug|Any CPU
		{E8E2C437-1B65-488E-B4F9-696803E74AFA}.Debug|iPhone.Build.0 = Debug|Any CPU
		{E8E2C437-1B65-488E-B4F9-696803E74AFA}.Debug|iPhoneSimulator.ActiveCfg = Debug|Any CPU
		{E8E2C437-1B65-488E-B4F9-696803E74AFA}.Debug|iPhoneSimulator.Build.0 = Debug|Any CPU
		{E8E2C437-1B65-488E-B4F9-696803E74AFA}.Release|Any CPU.ActiveCfg = Release|Any CPU
		{E8E2C437-1B65-488E-B4F9-696803E74AFA}.Release|Any CPU.Build.0 = Release|Any CPU
		{E8E2C437-1B65-488E-B4F9-696803E74AFA}.Release|iPhone.ActiveCfg = Release|Any CPU
		{E8E2C437-1B65-488E-B4F9-696803E74AFA}.Release|iPhone.Build.0 = Release|Any CPU
		{E8E2C437-1B65-488E-B4F9-696803E74AFA}.Release|iPhoneSimulator.ActiveCfg = Release|Any CPU
		{E8E2C437-1B65-488E-B4F9-696803E74AFA}.Release|iPhoneSimulator.Build.0 = Release|Any CPU
		{3DEA5926-E5E5-4E6C-8C24-204A7BEF7EF8}.Ad-Hoc|Any CPU.ActiveCfg = Debug|Any CPU
		{3DEA5926-E5E5-4E6C-8C24-204A7BEF7EF8}.Ad-Hoc|Any CPU.Build.0 = Debug|Any CPU
		{3DEA5926-E5E5-4E6C-8C24-204A7BEF7EF8}.Ad-Hoc|iPhone.ActiveCfg = Release|Any CPU
		{3DEA5926-E5E5-4E6C-8C24-204A7BEF7EF8}.Ad-Hoc|iPhone.Build.0 = Release|Any CPU
		{3DEA5926-E5E5-4E6C-8C24-204A7BEF7EF8}.Ad-Hoc|iPhoneSimulator.ActiveCfg = Debug|Any CPU
		{3DEA5926-E5E5-4E6C-8C24-204A7BEF7EF8}.Ad-Hoc|iPhoneSimulator.Build.0 = Debug|Any CPU
		{3DEA5926-E5E5-4E6C-8C24-204A7BEF7EF8}.AppStore|Any CPU.ActiveCfg = Debug|Any CPU
		{3DEA5926-E5E5-4E6C-8C24-204A7BEF7EF8}.AppStore|Any CPU.Build.0 = Debug|Any CPU
		{3DEA5926-E5E5-4E6C-8C24-204A7BEF7EF8}.AppStore|iPhone.ActiveCfg = Release|Any CPU
		{3DEA5926-E5E5-4E6C-8C24-204A7BEF7EF8}.AppStore|iPhone.Build.0 = Release|Any CPU
		{3DEA5926-E5E5-4E6C-8C24-204A7BEF7EF8}.AppStore|iPhoneSimulator.ActiveCfg = Debug|Any CPU
		{3DEA5926-E5E5-4E6C-8C24-204A7BEF7EF8}.AppStore|iPhoneSimulator.Build.0 = Debug|Any CPU
		{3DEA5926-E5E5-4E6C-8C24-204A7BEF7EF8}.Debug|Any CPU.ActiveCfg = Debug|Any CPU
		{3DEA5926-E5E5-4E6C-8C24-204A7BEF7EF8}.Debug|Any CPU.Build.0 = Debug|Any CPU
		{3DEA5926-E5E5-4E6C-8C24-204A7BEF7EF8}.Debug|iPhone.ActiveCfg = Debug|Any CPU
		{3DEA5926-E5E5-4E6C-8C24-204A7BEF7EF8}.Debug|iPhoneSimulator.ActiveCfg = Debug|Any CPU
		{3DEA5926-E5E5-4E6C-8C24-204A7BEF7EF8}.Release|Any CPU.ActiveCfg = Release|Any CPU
		{3DEA5926-E5E5-4E6C-8C24-204A7BEF7EF8}.Release|Any CPU.Build.0 = Release|Any CPU
		{3DEA5926-E5E5-4E6C-8C24-204A7BEF7EF8}.Release|iPhone.ActiveCfg = Release|Any CPU
		{3DEA5926-E5E5-4E6C-8C24-204A7BEF7EF8}.Release|iPhone.Build.0 = Release|Any CPU
		{3DEA5926-E5E5-4E6C-8C24-204A7BEF7EF8}.Release|iPhoneSimulator.ActiveCfg = Release|Any CPU
		{3DEA5926-E5E5-4E6C-8C24-204A7BEF7EF8}.Release|iPhoneSimulator.Build.0 = Release|Any CPU
		{B6F9A51A-A149-48BB-B599-FD7F5F5C4CF2}.Ad-Hoc|Any CPU.ActiveCfg = Debug|Any CPU
		{B6F9A51A-A149-48BB-B599-FD7F5F5C4CF2}.Ad-Hoc|Any CPU.Build.0 = Debug|Any CPU
		{B6F9A51A-A149-48BB-B599-FD7F5F5C4CF2}.Ad-Hoc|iPhone.ActiveCfg = Release|Any CPU
		{B6F9A51A-A149-48BB-B599-FD7F5F5C4CF2}.Ad-Hoc|iPhone.Build.0 = Release|Any CPU
		{B6F9A51A-A149-48BB-B599-FD7F5F5C4CF2}.Ad-Hoc|iPhoneSimulator.ActiveCfg = Debug|Any CPU
		{B6F9A51A-A149-48BB-B599-FD7F5F5C4CF2}.Ad-Hoc|iPhoneSimulator.Build.0 = Debug|Any CPU
		{B6F9A51A-A149-48BB-B599-FD7F5F5C4CF2}.AppStore|Any CPU.ActiveCfg = Debug|Any CPU
		{B6F9A51A-A149-48BB-B599-FD7F5F5C4CF2}.AppStore|Any CPU.Build.0 = Debug|Any CPU
		{B6F9A51A-A149-48BB-B599-FD7F5F5C4CF2}.AppStore|iPhone.ActiveCfg = Release|Any CPU
		{B6F9A51A-A149-48BB-B599-FD7F5F5C4CF2}.AppStore|iPhone.Build.0 = Release|Any CPU
		{B6F9A51A-A149-48BB-B599-FD7F5F5C4CF2}.AppStore|iPhoneSimulator.ActiveCfg = Debug|Any CPU
		{B6F9A51A-A149-48BB-B599-FD7F5F5C4CF2}.AppStore|iPhoneSimulator.Build.0 = Debug|Any CPU
		{B6F9A51A-A149-48BB-B599-FD7F5F5C4CF2}.Debug|Any CPU.ActiveCfg = Debug|Any CPU
		{B6F9A51A-A149-48BB-B599-FD7F5F5C4CF2}.Debug|Any CPU.Build.0 = Debug|Any CPU
		{B6F9A51A-A149-48BB-B599-FD7F5F5C4CF2}.Debug|iPhone.ActiveCfg = Debug|Any CPU
		{B6F9A51A-A149-48BB-B599-FD7F5F5C4CF2}.Debug|iPhoneSimulator.ActiveCfg = Debug|Any CPU
		{B6F9A51A-A149-48BB-B599-FD7F5F5C4CF2}.Release|Any CPU.ActiveCfg = Release|Any CPU
		{B6F9A51A-A149-48BB-B599-FD7F5F5C4CF2}.Release|Any CPU.Build.0 = Release|Any CPU
		{B6F9A51A-A149-48BB-B599-FD7F5F5C4CF2}.Release|iPhone.ActiveCfg = Release|Any CPU
		{B6F9A51A-A149-48BB-B599-FD7F5F5C4CF2}.Release|iPhone.Build.0 = Release|Any CPU
		{B6F9A51A-A149-48BB-B599-FD7F5F5C4CF2}.Release|iPhoneSimulator.ActiveCfg = Release|Any CPU
		{B6F9A51A-A149-48BB-B599-FD7F5F5C4CF2}.Release|iPhoneSimulator.Build.0 = Release|Any CPU
		{5480AE9F-B4AE-4FA5-9CE6-91D6AA2D5616}.Ad-Hoc|Any CPU.ActiveCfg = Debug|Any CPU
		{5480AE9F-B4AE-4FA5-9CE6-91D6AA2D5616}.Ad-Hoc|Any CPU.Build.0 = Debug|Any CPU
		{5480AE9F-B4AE-4FA5-9CE6-91D6AA2D5616}.Ad-Hoc|iPhone.ActiveCfg = Release|Any CPU
		{5480AE9F-B4AE-4FA5-9CE6-91D6AA2D5616}.Ad-Hoc|iPhone.Build.0 = Release|Any CPU
		{5480AE9F-B4AE-4FA5-9CE6-91D6AA2D5616}.Ad-Hoc|iPhoneSimulator.ActiveCfg = Debug|Any CPU
		{5480AE9F-B4AE-4FA5-9CE6-91D6AA2D5616}.Ad-Hoc|iPhoneSimulator.Build.0 = Debug|Any CPU
		{5480AE9F-B4AE-4FA5-9CE6-91D6AA2D5616}.AppStore|Any CPU.ActiveCfg = Debug|Any CPU
		{5480AE9F-B4AE-4FA5-9CE6-91D6AA2D5616}.AppStore|Any CPU.Build.0 = Debug|Any CPU
		{5480AE9F-B4AE-4FA5-9CE6-91D6AA2D5616}.AppStore|iPhone.ActiveCfg = Release|Any CPU
		{5480AE9F-B4AE-4FA5-9CE6-91D6AA2D5616}.AppStore|iPhone.Build.0 = Release|Any CPU
		{5480AE9F-B4AE-4FA5-9CE6-91D6AA2D5616}.AppStore|iPhoneSimulator.ActiveCfg = Debug|Any CPU
		{5480AE9F-B4AE-4FA5-9CE6-91D6AA2D5616}.AppStore|iPhoneSimulator.Build.0 = Debug|Any CPU
		{5480AE9F-B4AE-4FA5-9CE6-91D6AA2D5616}.Debug|Any CPU.ActiveCfg = Debug|Any CPU
		{5480AE9F-B4AE-4FA5-9CE6-91D6AA2D5616}.Debug|Any CPU.Build.0 = Debug|Any CPU
		{5480AE9F-B4AE-4FA5-9CE6-91D6AA2D5616}.Debug|iPhone.ActiveCfg = Debug|Any CPU
		{5480AE9F-B4AE-4FA5-9CE6-91D6AA2D5616}.Debug|iPhoneSimulator.ActiveCfg = Debug|Any CPU
		{5480AE9F-B4AE-4FA5-9CE6-91D6AA2D5616}.Release|Any CPU.ActiveCfg = Release|Any CPU
		{5480AE9F-B4AE-4FA5-9CE6-91D6AA2D5616}.Release|Any CPU.Build.0 = Release|Any CPU
		{5480AE9F-B4AE-4FA5-9CE6-91D6AA2D5616}.Release|iPhone.ActiveCfg = Release|Any CPU
		{5480AE9F-B4AE-4FA5-9CE6-91D6AA2D5616}.Release|iPhone.Build.0 = Release|Any CPU
		{5480AE9F-B4AE-4FA5-9CE6-91D6AA2D5616}.Release|iPhoneSimulator.ActiveCfg = Release|Any CPU
		{5480AE9F-B4AE-4FA5-9CE6-91D6AA2D5616}.Release|iPhoneSimulator.Build.0 = Release|Any CPU
		{63321F1E-1B3D-4530-917C-07EC891E14F7}.Ad-Hoc|Any CPU.ActiveCfg = Debug|Any CPU
		{63321F1E-1B3D-4530-917C-07EC891E14F7}.Ad-Hoc|Any CPU.Build.0 = Debug|Any CPU
		{63321F1E-1B3D-4530-917C-07EC891E14F7}.Ad-Hoc|iPhone.ActiveCfg = Release|Any CPU
		{63321F1E-1B3D-4530-917C-07EC891E14F7}.Ad-Hoc|iPhone.Build.0 = Release|Any CPU
		{63321F1E-1B3D-4530-917C-07EC891E14F7}.Ad-Hoc|iPhoneSimulator.ActiveCfg = Debug|Any CPU
		{63321F1E-1B3D-4530-917C-07EC891E14F7}.Ad-Hoc|iPhoneSimulator.Build.0 = Debug|Any CPU
		{63321F1E-1B3D-4530-917C-07EC891E14F7}.AppStore|Any CPU.ActiveCfg = Debug|Any CPU
		{63321F1E-1B3D-4530-917C-07EC891E14F7}.AppStore|Any CPU.Build.0 = Debug|Any CPU
		{63321F1E-1B3D-4530-917C-07EC891E14F7}.AppStore|iPhone.ActiveCfg = Release|Any CPU
		{63321F1E-1B3D-4530-917C-07EC891E14F7}.AppStore|iPhone.Build.0 = Release|Any CPU
		{63321F1E-1B3D-4530-917C-07EC891E14F7}.AppStore|iPhoneSimulator.ActiveCfg = Debug|Any CPU
		{63321F1E-1B3D-4530-917C-07EC891E14F7}.AppStore|iPhoneSimulator.Build.0 = Debug|Any CPU
		{63321F1E-1B3D-4530-917C-07EC891E14F7}.Debug|Any CPU.ActiveCfg = Debug|Any CPU
		{63321F1E-1B3D-4530-917C-07EC891E14F7}.Debug|Any CPU.Build.0 = Debug|Any CPU
		{63321F1E-1B3D-4530-917C-07EC891E14F7}.Debug|iPhone.ActiveCfg = Debug|Any CPU
		{63321F1E-1B3D-4530-917C-07EC891E14F7}.Debug|iPhoneSimulator.ActiveCfg = Debug|Any CPU
		{63321F1E-1B3D-4530-917C-07EC891E14F7}.Release|Any CPU.ActiveCfg = Release|Any CPU
		{63321F1E-1B3D-4530-917C-07EC891E14F7}.Release|Any CPU.Build.0 = Release|Any CPU
		{63321F1E-1B3D-4530-917C-07EC891E14F7}.Release|iPhone.ActiveCfg = Release|Any CPU
		{63321F1E-1B3D-4530-917C-07EC891E14F7}.Release|iPhone.Build.0 = Release|Any CPU
		{63321F1E-1B3D-4530-917C-07EC891E14F7}.Release|iPhoneSimulator.ActiveCfg = Release|Any CPU
		{63321F1E-1B3D-4530-917C-07EC891E14F7}.Release|iPhoneSimulator.Build.0 = Release|Any CPU
	EndGlobalSection
	GlobalSection(SolutionProperties) = preSolution
		HideSolutionNode = FALSE
	EndGlobalSection
	GlobalSection(ExtensibilityGlobals) = postSolution
		SolutionGuid = {F0D0D6CD-FB75-4E25-AE8E-0282E9DF3EE6}
	EndGlobalSection
EndGlobal
